version = 1
revision = 3
requires-python = ">=3.14"

[[package]]
name = "build-llm-from-scratch"
version = "0.1.0"
source = { virtual = "." }
dependencies = [
    { name = "sentencepiece" },
]

[package.metadata]
requires-dist = [{ name = "sentencepiece", specifier = ">=0.2.1" }]

[[package]]
name = "sentencepiece"
version = "0.2.1"
source = { registry = "https://pypi.org/simple" }
sdist = { url = "https://files.pythonhosted.org/packages/15/15/2e7a025fc62d764b151ae6d0f2a92f8081755ebe8d4a64099accc6f77ba6/sentencepiece-0.2.1.tar.gz", hash = "sha256:8138cec27c2f2282f4a34d9a016e3374cd40e5c6e9cb335063db66a0a3b71fad", size = 3228515, upload-time = "2025-08-12T07:00:51.718Z" }
wheels = [
    { url = "https://files.pythonhosted.org/packages/24/9c/89eb8b2052f720a612478baf11c8227dcf1dc28cd4ea4c0c19506b5af2a2/sentencepiece-0.2.1-cp314-cp314-macosx_10_13_universal2.whl", hash = "sha256:5d0350b686c320068702116276cfb26c066dc7e65cfef173980b11bb4d606719", size = 1943147, upload-time = "2025-08-12T07:00:21.809Z" },
    { url = "https://files.pythonhosted.org/packages/82/0b/a1432bc87f97c2ace36386ca23e8bd3b91fb40581b5e6148d24b24186419/sentencepiece-0.2.1-cp314-cp314-macosx_10_13_x86_64.whl", hash = "sha256:c7f54a31cde6fa5cb030370566f68152a742f433f8d2be458463d06c208aef33", size = 1325624, upload-time = "2025-08-12T07:00:23.289Z" },
    { url = "https://files.pythonhosted.org/packages/ea/99/bbe054ebb5a5039457c590e0a4156ed073fb0fe9ce4f7523404dd5b37463/sentencepiece-0.2.1-cp314-cp314-macosx_11_0_arm64.whl", hash = "sha256:c83b85ab2d6576607f31df77ff86f28182be4a8de6d175d2c33ca609925f5da1", size = 1253670, upload-time = "2025-08-12T07:00:24.69Z" },
    { url = "https://files.pythonhosted.org/packages/19/ad/d5c7075f701bd97971d7c2ac2904f227566f51ef0838dfbdfdccb58cd212/sentencepiece-0.2.1-cp314-cp314-manylinux_2_27_aarch64.manylinux_2_28_aarch64.whl", hash = "sha256:1855f57db07b51fb51ed6c9c452f570624d2b169b36f0f79ef71a6e6c618cd8b", size = 1316247, upload-time = "2025-08-12T07:00:26.435Z" },
    { url = "https://files.pythonhosted.org/packages/fb/03/35fbe5f3d9a7435eebd0b473e09584bd3cc354ce118b960445b060d33781/sentencepiece-0.2.1-cp314-cp314-manylinux_2_27_x86_64.manylinux_2_28_x86_64.whl", hash = "sha256:01e6912125cb45d3792f530a4d38f8e21bf884d6b4d4ade1b2de5cf7a8d2a52b", size = 1387894, upload-time = "2025-08-12T07:00:28.339Z" },
    { url = "https://files.pythonhosted.org/packages/dc/aa/956ef729aafb6c8f9c443104c9636489093bb5c61d6b90fc27aa1a865574/sentencepiece-0.2.1-cp314-cp314-win32.whl", hash = "sha256:c415c9de1447e0a74ae3fdb2e52f967cb544113a3a5ce3a194df185cbc1f962f", size = 1096698, upload-time = "2025-08-12T07:00:29.764Z" },
    { url = "https://files.pythonhosted.org/packages/b8/cb/fe400d8836952cc535c81a0ce47dc6875160e5fedb71d2d9ff0e9894c2a6/sentencepiece-0.2.1-cp314-cp314-win_amd64.whl", hash = "sha256:881b2e44b14fc19feade3cbed314be37de639fc415375cefaa5bc81a4be137fd", size = 1155115, upload-time = "2025-08-12T07:00:32.865Z" },
    { url = "https://files.pythonhosted.org/packages/32/89/047921cf70f36c7b6b6390876b2399b3633ab73b8d0cb857e5a964238941/sentencepiece-0.2.1-cp314-cp314-win_arm64.whl", hash = "sha256:2005242a16d2dc3ac5fe18aa7667549134d37854823df4c4db244752453b78a8", size = 1133890, upload-time = "2025-08-12T07:00:34.763Z" },
    { url = "https://files.pythonhosted.org/packages/a1/11/5b414b9fae6255b5fb1e22e2ed3dc3a72d3a694e5703910e640ac78346bb/sentencepiece-0.2.1-cp314-cp314t-macosx_10_13_universal2.whl", hash = "sha256:a19adcec27c524cb7069a1c741060add95f942d1cbf7ad0d104dffa0a7d28a2b", size = 1946081, upload-time = "2025-08-12T07:00:36.97Z" },
    { url = "https://files.pythonhosted.org/packages/77/eb/7a5682bb25824db8545f8e5662e7f3e32d72a508fdce086029d89695106b/sentencepiece-0.2.1-cp314-cp314t-macosx_10_13_x86_64.whl", hash = "sha256:e37e4b4c4a11662b5db521def4e44d4d30ae69a1743241412a93ae40fdcab4bb", size = 1327406, upload-time = "2025-08-12T07:00:38.669Z" },
    { url = "https://files.pythonhosted.org/packages/03/b0/811dae8fb9f2784e138785d481469788f2e0d0c109c5737372454415f55f/sentencepiece-0.2.1-cp314-cp314t-macosx_11_0_arm64.whl", hash = "sha256:477c81505db072b3ab627e7eab972ea1025331bd3a92bacbf798df2b75ea86ec", size = 1254846, upload-time = "2025-08-12T07:00:40.611Z" },
    { url = "https://files.pythonhosted.org/packages/ef/23/195b2e7ec85ebb6a547969f60b723c7aca5a75800ece6cc3f41da872d14e/sentencepiece-0.2.1-cp314-cp314t-manylinux_2_27_aarch64.manylinux_2_28_aarch64.whl", hash = "sha256:010f025a544ef770bb395091d57cb94deb9652d8972e0d09f71d85d5a0816c8c", size = 1315721, upload-time = "2025-08-12T07:00:42.914Z" },
    { url = "https://files.pythonhosted.org/packages/7e/aa/553dbe4178b5f23eb28e59393dddd64186178b56b81d9b8d5c3ff1c28395/sentencepiece-0.2.1-cp314-cp314t-manylinux_2_27_x86_64.manylinux_2_28_x86_64.whl", hash = "sha256:733e59ff1794d26db706cd41fc2d7ca5f6c64a820709cb801dc0ea31780d64ab", size = 1387458, upload-time = "2025-08-12T07:00:44.56Z" },
    { url = "https://files.pythonhosted.org/packages/66/7c/08ff0012507297a4dd74a5420fdc0eb9e3e80f4e88cab1538d7f28db303d/sentencepiece-0.2.1-cp314-cp314t-win32.whl", hash = "sha256:d3233770f78e637dc8b1fda2cd7c3b99ec77e7505041934188a4e7fe751de3b0", size = 1099765, upload-time = "2025-08-12T07:00:46.058Z" },
    { url = "https://files.pythonhosted.org/packages/91/d5/2a69e1ce15881beb9ddfc7e3f998322f5cedcd5e4d244cb74dade9441663/sentencepiece-0.2.1-cp314-cp314t-win_amd64.whl", hash = "sha256:5e4366c97b68218fd30ea72d70c525e6e78a6c0a88650f57ac4c43c63b234a9d", size = 1157807, upload-time = "2025-08-12T07:00:47.673Z" },
    { url = "https://files.pythonhosted.org/packages/f3/16/54f611fcfc2d1c46cbe3ec4169780b2cfa7cf63708ef2b71611136db7513/sentencepiece-0.2.1-cp314-cp314t-win_arm64.whl", hash = "sha256:105e36e75cbac1292642045458e8da677b2342dcd33df503e640f0b457cb6751", size = 1136264, upload-time = "2025-08-12T07:00:49.485Z" },
]
